
Microsoft Visual Studio Solution File, Format Version 12.00
# Visual Studio Version 17
VisualStudioVersion = 17.5.002.0
MinimumVisualStudioVersion = 10.0.40219.1
Project("{9A19103F-16F7-4668-BE54-9A1E7A4F7556}") = "Temperature", "Temperature\Temperature.csproj", "{7115D814-33BD-4634-A728-1B4C373029FF}"
EndProject
Global
	GlobalSection(SolutionConfigurationPlatforms) = preSolution
		Debug|Any CPU = Debug|Any CPU
		Release|Any CPU = Release|Any CPU
	EndGlobalSection
	GlobalSection(ProjectConfigurationPlatforms) = postSolution
		{7115D814-33BD-4634-A728-1B4C373029FF}.Debug|Any CPU.ActiveCfg = Debug|Any CPU
		{7115D814-33BD-4634-A728-1B4C373029FF}.Debug|Any CPU.Build.0 = Debug|Any CPU
		{7115D814-33BD-4634-A728-1B4C373029FF}.Release|Any CPU.ActiveCfg = Release|Any CPU
		{7115D814-33BD-4634-A728-1B4C373029FF}.Release|Any CPU.Build.0 = Release|Any CPU
	EndGlobalSection
	GlobalSection(SolutionProperties) = preSolution
		HideSolutionNode = FALSE
	EndGlobalSection
	GlobalSection(ExtensibilityGlobals) = postSolution
		SolutionGuid = {ECF3AC43-4460-4F2C-9093-B9ADAE0F242E}
	EndGlobalSection
EndGlobal
